version: 2.0
shards:
  atcoder:
    git: https://github.com/google/ac-library.cr.git
    version: 0.1.0+git.commit.b7144ecf8343ce551dcda16a006590421b30bf6a

  matrix:
    git: https://github.com/ngng628/matrix-cr.git
    version: 0.1.0+git.commit.a4723c747b3d3ec8653fde54bb329e9afee42c88

  nglib:
    git: https://github.com/ngng628/compe-library.cr.git
    version: 0.1.0+git.commit.c95081ab27fbc4db230a78228485dfb694196c0e

